
Microsoft Visual Studio Solution File, Format Version 12.00
# Visual Studio 15
VisualStudioVersion = 15.0.28010.0
MinimumVisualStudioVersion = 10.0.40219.1
Project("{FAE04EC0-301F-11D3-BF4B-00C04F79EFBC}") = "IAGTechSpecInterview", "IAGTechSpecInterview\IAGTechSpecInterview.csproj", "{7B8642CC-3018-4314-87FB-91E1068A96D5}"
EndProject
Project("{FAE04EC0-301F-11D3-BF4B-00C04F79EFBC}") = "IAGTechSpecInterview.Tests", "IAGTechSpecInterview.Tests\IAGTechSpecInterview.Tests.csproj", "{4FEBEDB6-B75B-4A5F-ACA6-B63DC144BF9C}"
EndProject
Global
	GlobalSection(SolutionConfigurationPlatforms) = preSolution
		Debug|Any CPU = Debug|Any CPU
		Release|Any CPU = Release|Any CPU
	EndGlobalSection
	GlobalSection(ProjectConfigurationPlatforms) = postSolution
		{7B8642CC-3018-4314-87FB-91E1068A96D5}.Debug|Any CPU.ActiveCfg = Debug|Any CPU
		{7B8642CC-3018-4314-87FB-91E1068A96D5}.Debug|Any CPU.Build.0 = Debug|Any CPU
		{7B8642CC-3018-4314-87FB-91E1068A96D5}.Release|Any CPU.ActiveCfg = Release|Any CPU
		{7B8642CC-3018-4314-87FB-91E1068A96D5}.Release|Any CPU.Build.0 = Release|Any CPU
		{4FEBEDB6-B75B-4A5F-ACA6-B63DC144BF9C}.Debug|Any CPU.ActiveCfg = Debug|Any CPU
		{4FEBEDB6-B75B-4A5F-ACA6-B63DC144BF9C}.Debug|Any CPU.Build.0 = Debug|Any CPU
		{4FEBEDB6-B75B-4A5F-ACA6-B63DC144BF9C}.Release|Any CPU.ActiveCfg = Release|Any CPU
		{4FEBEDB6-B75B-4A5F-ACA6-B63DC144BF9C}.Release|Any CPU.Build.0 = Release|Any CPU
	EndGlobalSection
	GlobalSection(SolutionProperties) = preSolution
		HideSolutionNode = FALSE
	EndGlobalSection
	GlobalSection(ExtensibilityGlobals) = postSolution
		SolutionGuid = {396B957A-4319-459A-BB63-D83D8FD48BAE}
	EndGlobalSection
EndGlobal
